// !$*UTF8*$!
{
	archiveVersion = 1;
	classes = {
	};
	objectVersion = 46;
	objects = {

/* Begin PBXBuildFile section */
		804334F718919F4E00A927E5 /* AcceptOutline@2x.png in Resources */ = {isa = PBXBuildFile; fileRef = 8043349118919F4E00A927E5 /* AcceptOutline@2x.png */; };
		804334F818919F4E00A927E5 /* Account1@2x.png in Resources */ = {isa = PBXBuildFile; fileRef = 8043349218919F4E00A927E5 /* Account1@2x.png */; };
		804334F918919F4E00A927E5 /* Account2@2x.png in Resources */ = {isa = PBXBuildFile; fileRef = 8043349318919F4E00A927E5 /* Account2@2x.png */; };
		804334FA18919F4E00A927E5 /* Account3@2x.png in Resources */ = {isa = PBXBuildFile; fileRef = 8043349418919F4E00A927E5 /* Account3@2x.png */; };
		804334FB18919F4E00A927E5 /* Account4@2x.png in Resources */ = {isa = PBXBuildFile; fileRef = 8043349518919F4E00A927E5 /* Account4@2x.png */; };
		804334FC18919F4E00A927E5 /* Account5@2x.png in Resources */ = {isa = PBXBuildFile; fileRef = 8043349618919F4E00A927E5 /* Account5@2x.png */; };
		804334FD18919F4E00A927E5 /* Account6@2x.png in Resources */ = {isa = PBXBuildFile; fileRef = 8043349718919F4E00A927E5 /* Account6@2x.png */; };
		804334FE18919F4E00A927E5 /* Account7@2x.png in Resources */ = {isa = PBXBuildFile; fileRef = 8043349818919F4E00A927E5 /* Account7@2x.png */; };
		804334FF18919F4E00A927E5 /* Account8@2x.png in Resources */ = {isa = PBXBuildFile; fileRef = 8043349918919F4E00A927E5 /* Account8@2x.png */; };
		8043350018919F4E00A927E5 /* Account9@2x.png in Resources */ = {isa = PBXBuildFile; fileRef = 8043349A18919F4E00A927E5 /* Account9@2x.png */; };
		8043350118919F4E00A927E5 /* Account10@2x.png in Resources */ = {isa = PBXBuildFile; fileRef = 8043349B18919F4E00A927E5 /* Account10@2x.png */; };
		8043350218919F4E00A927E5 /* AccountMenu2@2x.png in Resources */ = {isa = PBXBuildFile; fileRef = 8043349C18919F4E00A927E5 /* AccountMenu2@2x.png */; };
		8043350318919F4E00A927E5 /* AccountMenu2Down@2x.png in Resources */ = {isa = PBXBuildFile; fileRef = 8043349D18919F4E00A927E5 /* AccountMenu2Down@2x.png */; };
		8043350418919F4E00A927E5 /* AccountMenu3@2x.png in Resources */ = {isa = PBXBuildFile; fileRef = 8043349E18919F4E00A927E5 /* AccountMenu3@2x.png */; };
		8043350518919F4E00A927E5 /* AccountMenu4@2x.png in Resources */ = {isa = PBXBuildFile; fileRef = 8043349F18919F4E00A927E5 /* AccountMenu4@2x.png */; };
		8043350618919F4E00A927E5 /* AccountMenu5@2x.png in Resources */ = {isa = PBXBuildFile; fileRef = 804334A018919F4E00A927E5 /* AccountMenu5@2x.png */; };
		8043350718919F4E00A927E5 /* AccountMenu6@2x.png in Resources */ = {isa = PBXBuildFile; fileRef = 804334A118919F4E00A927E5 /* AccountMenu6@2x.png */; };
		8043350818919F4E00A927E5 /* AccountMenu7@2x.png in Resources */ = {isa = PBXBuildFile; fileRef = 804334A218919F4E00A927E5 /* AccountMenu7@2x.png */; };
		8043350918919F4E00A927E5 /* AccountMenu8@2x.png in Resources */ = {isa = PBXBuildFile; fileRef = 804334A318919F4E00A927E5 /* AccountMenu8@2x.png */; };
		8043350A18919F4E00A927E5 /* AccountMenu9@2x.png in Resources */ = {isa = PBXBuildFile; fileRef = 804334A418919F4E00A927E5 /* AccountMenu9@2x.png */; };
		8043350B18919F4E00A927E5 /* AccountMenu10@2x.png in Resources */ = {isa = PBXBuildFile; fileRef = 804334A518919F4E00A927E5 /* AccountMenu10@2x.png */; };
		8043350C18919F4E00A927E5 /* AccountMenuDefault@2x.png in Resources */ = {isa = PBXBuildFile; fileRef = 804334A618919F4E00A927E5 /* AccountMenuDefault@2x.png */; };
		8043350D18919F4E00A927E5 /* AccountMenuDefaultDown@2x.png in Resources */ = {isa = PBXBuildFile; fileRef = 804334A718919F4E00A927E5 /* AccountMenuDefaultDown@2x.png */; };
		8043350E18919F4E00A927E5 /* AccountTriangle2@2x.png in Resources */ = {isa = PBXBuildFile; fileRef = 804334A818919F4E00A927E5 /* AccountTriangle2@2x.png */; };
		8043350F18919F4E00A927E5 /* AccountTriangleDefault@2x.png in Resources */ = {isa = PBXBuildFile; fileRef = 804334A918919F4E00A927E5 /* AccountTriangleDefault@2x.png */; };
		8043351018919F4E00A927E5 /* AlarmClock@2x.png in Resources */ = {isa = PBXBuildFile; fileRef = 804334AA18919F4E00A927E5 /* AlarmClock@2x.png */; };
		8043351118919F4E00A927E5 /* ArchiveBlue@2x.png in Resources */ = {isa = PBXBuildFile; fileRef = 804334AB18919F4E00A927E5 /* ArchiveBlue@2x.png */; };
		8043351218919F4E00A927E5 /* ArchiveSwipe@2x.png in Resources */ = {isa = PBXBuildFile; fileRef = 804334AC18919F4E00A927E5 /* ArchiveSwipe@2x.png */; };
		8043351318919F4E00A927E5 /* ArrowDown@2x.png in Resources */ = {isa = PBXBuildFile; fileRef = 804334AD18919F4E00A927E5 /* ArrowDown@2x.png */; };
		8043351418919F4E00A927E5 /* ArrowRight@2x.png in Resources */ = {isa = PBXBuildFile; fileRef = 804334AE18919F4E00A927E5 /* ArrowRight@2x.png */; };
		8043351518919F4E00A927E5 /* AtoZOff@2x.png in Resources */ = {isa = PBXBuildFile; fileRef = 804334AF18919F4E00A927E5 /* AtoZOff@2x.png */; };
		8043351618919F4E00A927E5 /* AtoZOn@2x.png in Resources */ = {isa = PBXBuildFile; fileRef = 804334B018919F4E00A927E5 /* AtoZOn@2x.png */; };
		8043351718919F4E00A927E5 /* Attachment@2x.png in Resources */ = {isa = PBXBuildFile; fileRef = 804334B118919F4E00A927E5 /* Attachment@2x.png */; };
		8043351818919F4E00A927E5 /* BackBlue@2x.png in Resources */ = {isa = PBXBuildFile; fileRef = 804334B218919F4E00A927E5 /* BackBlue@2x.png */; };
		8043351918919F4E00A927E5 /* CalendarGrey@2x.png in Resources */ = {isa = PBXBuildFile; fileRef = 804334B318919F4E00A927E5 /* CalendarGrey@2x.png */; };
		8043351A18919F4E00A927E5 /* CalendarRed@2x.png in Resources */ = {isa = PBXBuildFile; fileRef = 804334B418919F4E00A927E5 /* CalendarRed@2x.png */; };
		8043351B18919F4E00A927E5 /* CalGoingButton@2x.png in Resources */ = {isa = PBXBuildFile; fileRef = 804334B518919F4E00A927E5 /* CalGoingButton@2x.png */; };
		8043351C18919F4E00A927E5 /* CalGoingID@2x.png in Resources */ = {isa = PBXBuildFile; fileRef = 804334B618919F4E00A927E5 /* CalGoingID@2x.png */; };
		8043351D18919F4E00A927E5 /* CalMaybe@2x.png in Resources */ = {isa = PBXBuildFile; fileRef = 804334B718919F4E00A927E5 /* CalMaybe@2x.png */; };
		8043351E18919F4E00A927E5 /* CalNotGoingButton@2x.png in Resources */ = {isa = PBXBuildFile; fileRef = 804334B818919F4E00A927E5 /* CalNotGoingButton@2x.png */; };
		8043351F18919F4E00A927E5 /* CalNotGoingId@2x.png in Resources */ = {isa = PBXBuildFile; fileRef = 804334B918919F4E00A927E5 /* CalNotGoingId@2x.png */; };
		8043352018919F4E00A927E5 /* CancelFooter@2x.png in Resources */ = {isa = PBXBuildFile; fileRef = 804334BA18919F4E00A927E5 /* CancelFooter@2x.png */; };
		8043352118919F4E00A927E5 /* CheckGrey@2x.png in Resources */ = {isa = PBXBuildFile; fileRef = 804334BB18919F4E00A927E5 /* CheckGrey@2x.png */; };
		8043352218919F4E00A927E5 /* CheckRed@2x.png in Resources */ = {isa = PBXBuildFile; fileRef = 804334BC18919F4E00A927E5 /* CheckRed@2x.png */; };
		8043352318919F4E00A927E5 /* CircleGrey@2x.png in Resources */ = {isa = PBXBuildFile; fileRef = 804334BD18919F4E00A927E5 /* CircleGrey@2x.png */; };
		8043352418919F4E00A927E5 /* CircleHighlighted@2x.png in Resources */ = {isa = PBXBuildFile; fileRef = 804334BE18919F4E00A927E5 /* CircleHighlighted@2x.png */; };
		8043352518919F4E00A927E5 /* CreateAlarm@2x.png in Resources */ = {isa = PBXBuildFile; fileRef = 804334BF18919F4E00A927E5 /* CreateAlarm@2x.png */; };
		8043352618919F4E00A927E5 /* CreateAlarmOn@2x.png in Resources */ = {isa = PBXBuildFile; fileRef = 804334C018919F4E00A927E5 /* CreateAlarmOn@2x.png */; };
		8043352718919F4E00A927E5 /* CreatedOff@2x.png in Resources */ = {isa = PBXBuildFile; fileRef = 804334C118919F4E00A927E5 /* CreatedOff@2x.png */; };
		8043352818919F4E00A927E5 /* CreatedOn@2x.png in Resources */ = {isa = PBXBuildFile; fileRef = 804334C218919F4E00A927E5 /* CreatedOn@2x.png */; };
		8043352918919F4E00A927E5 /* CreateRepeat@2x.png in Resources */ = {isa = PBXBuildFile; fileRef = 804334C318919F4E00A927E5 /* CreateRepeat@2x.png */; };
		8043352A18919F4E00A927E5 /* CreateRepeatOn@2x.png in Resources */ = {isa = PBXBuildFile; fileRef = 804334C418919F4E00A927E5 /* CreateRepeatOn@2x.png */; };
		8043352B18919F4E00A927E5 /* DeclineOutline@2x.png in Resources */ = {isa = PBXBuildFile; fileRef = 804334C518919F4E00A927E5 /* DeclineOutline@2x.png */; };
		8043352C18919F4E00A927E5 /* FeedbackLeftDrawer@2x.png in Resources */ = {isa = PBXBuildFile; fileRef = 804334C618919F4E00A927E5 /* FeedbackLeftDrawer@2x.png */; };
		8043352D18919F4E00A927E5 /* Forward@2x.png in Resources */ = {isa = PBXBuildFile; fileRef = 804334C718919F4E00A927E5 /* Forward@2x.png */; };
		8043352E18919F4E00A927E5 /* FutureArrow@2x.png in Resources */ = {isa = PBXBuildFile; fileRef = 804334C818919F4E00A927E5 /* FutureArrow@2x.png */; };
		8043352F18919F4E00A927E5 /* Hamburger@2x.png in Resources */ = {isa = PBXBuildFile; fileRef = 804334C918919F4E00A927E5 /* Hamburger@2x.png */; };
		8043353018919F4E00A927E5 /* HelpLeftDrawer@2x.png in Resources */ = {isa = PBXBuildFile; fileRef = 804334CA18919F4E00A927E5 /* HelpLeftDrawer@2x.png */; };
		8043353118919F4E00A927E5 /* LabelBlue@2x.png in Resources */ = {isa = PBXBuildFile; fileRef = 804334CB18919F4E00A927E5 /* LabelBlue@2x.png */; };
		8043353218919F4E00A927E5 /* LabelHome@2x.png in Resources */ = {isa = PBXBuildFile; fileRef = 804334CC18919F4E00A927E5 /* LabelHome@2x.png */; };
		8043353318919F4E00A927E5 /* LinkBlue@2x.png in Resources */ = {isa = PBXBuildFile; fileRef = 804334CD18919F4E00A927E5 /* LinkBlue@2x.png */; };
		8043353418919F4E00A927E5 /* LinkHome@2x.png in Resources */ = {isa = PBXBuildFile; fileRef = 804334CE18919F4E00A927E5 /* LinkHome@2x.png */; };
		8043353518919F4E00A927E5 /* ListOrder@2x.png in Resources */ = {isa = PBXBuildFile; fileRef = 804334CF18919F4E00A927E5 /* ListOrder@2x.png */; };
		8043353618919F4E00A927E5 /* MailGrey@2x.png in Resources */ = {isa = PBXBuildFile; fileRef = 804334D018919F4E00A927E5 /* MailGrey@2x.png */; };
		8043353718919F4E00A927E5 /* MailRed@2x.png in Resources */ = {isa = PBXBuildFile; fileRef = 804334D118919F4E00A927E5 /* MailRed@2x.png */; };
		8043353818919F4E00A927E5 /* MenuFooterHelp@2x.png in Resources */ = {isa = PBXBuildFile; fileRef = 804334D218919F4E00A927E5 /* MenuFooterHelp@2x.png */; };
		8043353918919F4E00A927E5 /* MenuFooterPro@2x.png in Resources */ = {isa = PBXBuildFile; fileRef = 804334D318919F4E00A927E5 /* MenuFooterPro@2x.png */; };
		8043353A18919F4E00A927E5 /* MenuFooterShare@2x.png in Resources */ = {isa = PBXBuildFile; fileRef = 804334D418919F4E00A927E5 /* MenuFooterShare@2x.png */; };
		8043353B18919F4E00A927E5 /* MenuRecentlyArchived@2x.png in Resources */ = {isa = PBXBuildFile; fileRef = 804334D518919F4E00A927E5 /* MenuRecentlyArchived@2x.png */; };
		8043353C18919F4E00A927E5 /* MenuRemoveAccount@2x.png in Resources */ = {isa = PBXBuildFile; fileRef = 804334D618919F4E00A927E5 /* MenuRemoveAccount@2x.png */; };
		8043353D18919F4E00A927E5 /* MenuSent@2x.png in Resources */ = {isa = PBXBuildFile; fileRef = 804334D718919F4E00A927E5 /* MenuSent@2x.png */; };
		8043353E18919F4E00A927E5 /* MenuSignature@2x.png in Resources */ = {isa = PBXBuildFile; fileRef = 804334D818919F4E00A927E5 /* MenuSignature@2x.png */; };
		8043353F18919F4E00A927E5 /* MoreBlue@2x.png in Resources */ = {isa = PBXBuildFile; fileRef = 804334D918919F4E00A927E5 /* MoreBlue@2x.png */; };
		8043354018919F4E00A927E5 /* NewMail@2x.png in Resources */ = {isa = PBXBuildFile; fileRef = 804334DA18919F4E00A927E5 /* NewMail@2x.png */; };
		8043354118919F4E00A927E5 /* PencilGrey@2x.png in Resources */ = {isa = PBXBuildFile; fileRef = 804334DB18919F4E00A927E5 /* PencilGrey@2x.png */; };
		8043354218919F4E00A927E5 /* PencilRed@2x.png in Resources */ = {isa = PBXBuildFile; fileRef = 804334DC18919F4E00A927E5 /* PencilRed@2x.png */; };
		8043354318919F4E00A927E5 /* PlusFooterCalendar@2x.png in Resources */ = {isa = PBXBuildFile; fileRef = 804334DD18919F4E00A927E5 /* PlusFooterCalendar@2x.png */; };
		8043354418919F4E00A927E5 /* PlusFooterMail@2x.png in Resources */ = {isa = PBXBuildFile; fileRef = 804334DE18919F4E00A927E5 /* PlusFooterMail@2x.png */; };
		8043354518919F4E00A927E5 /* PlusFooterNote@2x.png in Resources */ = {isa = PBXBuildFile; fileRef = 804334DF18919F4E00A927E5 /* PlusFooterNote@2x.png */; };
		8043354618919F4E00A927E5 /* PlusFooterTask@2x.png in Resources */ = {isa = PBXBuildFile; fileRef = 804334E018919F4E00A927E5 /* PlusFooterTask@2x.png */; };
		8043354718919F4E00A927E5 /* PlusHomeCal@2x.png in Resources */ = {isa = PBXBuildFile; fileRef = 804334E118919F4E00A927E5 /* PlusHomeCal@2x.png */; };
		8043354818919F4E00A927E5 /* PlusHomeEmail@2x.png in Resources */ = {isa = PBXBuildFile; fileRef = 804334E218919F4E00A927E5 /* PlusHomeEmail@2x.png */; };
		8043354918919F4E00A927E5 /* PlusHomeNotes@2x.png in Resources */ = {isa = PBXBuildFile; fileRef = 804334E318919F4E00A927E5 /* PlusHomeNotes@2x.png */; };
		8043354A18919F4E00A927E5 /* PlusHomeTasks@2x.png in Resources */ = {isa = PBXBuildFile; fileRef = 804334E418919F4E00A927E5 /* PlusHomeTasks@2x.png */; };
		8043354B18919F4E00A927E5 /* ProLeftDrawer@2x.png in Resources */ = {isa = PBXBuildFile; fileRef = 804334E518919F4E00A927E5 /* ProLeftDrawer@2x.png */; };
		8043354C18919F4E00A927E5 /* RecentlyArchived@2x.png in Resources */ = {isa = PBXBuildFile; fileRef = 804334E618919F4E00A927E5 /* RecentlyArchived@2x.png */; };
		8043354D18919F4E00A927E5 /* RemoveAccount@2x.png in Resources */ = {isa = PBXBuildFile; fileRef = 804334E718919F4E00A927E5 /* RemoveAccount@2x.png */; };
		8043354E18919F4E00A927E5 /* RemoveFromThread@2x.png in Resources */ = {isa = PBXBuildFile; fileRef = 804334E818919F4E00A927E5 /* RemoveFromThread@2x.png */; };
		8043354F18919F4E00A927E5 /* Reply@2x.png in Resources */ = {isa = PBXBuildFile; fileRef = 804334E918919F4E00A927E5 /* Reply@2x.png */; };
		8043355018919F4E00A927E5 /* ReplyAll@2x.png in Resources */ = {isa = PBXBuildFile; fileRef = 804334EA18919F4E00A927E5 /* ReplyAll@2x.png */; };
		8043355118919F4E00A927E5 /* Sent@2x.png in Resources */ = {isa = PBXBuildFile; fileRef = 804334EB18919F4E00A927E5 /* Sent@2x.png */; };
		8043355218919F4E00A927E5 /* ShareLeftDrawer@2x.png in Resources */ = {isa = PBXBuildFile; fileRef = 804334EC18919F4E00A927E5 /* ShareLeftDrawer@2x.png */; };
		8043355318919F4E00A927E5 /* Signature@2x.png in Resources */ = {isa = PBXBuildFile; fileRef = 804334ED18919F4E00A927E5 /* Signature@2x.png */; };
		8043355418919F4E00A927E5 /* Spam@2x.png in Resources */ = {isa = PBXBuildFile; fileRef = 804334EE18919F4E00A927E5 /* Spam@2x.png */; };
		8043355518919F4E00A927E5 /* Starred@2x.png in Resources */ = {isa = PBXBuildFile; fileRef = 804334EF18919F4E00A927E5 /* Starred@2x.png */; };
		8043355618919F4E00A927E5 /* TaskSwipe@2x.png in Resources */ = {isa = PBXBuildFile; fileRef = 804334F018919F4E00A927E5 /* TaskSwipe@2x.png */; };
		8043355718919F4E00A927E5 /* Trash@2x.png in Resources */ = {isa = PBXBuildFile; fileRef = 804334F118919F4E00A927E5 /* Trash@2x.png */; };
		8043355818919F4E00A927E5 /* Uniti@2x.png in Resources */ = {isa = PBXBuildFile; fileRef = 804334F218919F4E00A927E5 /* Uniti@2x.png */; };
		8043355918919F4E00A927E5 /* UnitiBlue@2x.png in Resources */ = {isa = PBXBuildFile; fileRef = 804334F318919F4E00A927E5 /* UnitiBlue@2x.png */; };
		8043355A18919F4E00A927E5 /* UnitiWhite@2x.png in Resources */ = {isa = PBXBuildFile; fileRef = 804334F418919F4E00A927E5 /* UnitiWhite@2x.png */; };
		8043355B18919F4E00A927E5 /* ViewedOff@2x.png in Resources */ = {isa = PBXBuildFile; fileRef = 804334F518919F4E00A927E5 /* ViewedOff@2x.png */; };
		8043355C18919F4E00A927E5 /* ViewedOn@2x.png in Resources */ = {isa = PBXBuildFile; fileRef = 804334F618919F4E00A927E5 /* ViewedOn@2x.png */; };
		8043355E189234F700A927E5 /* redTri.png in Resources */ = {isa = PBXBuildFile; fileRef = 8043355D189234F700A927E5 /* redTri.png */; };
		80433560189240DD00A927E5 /* blueTri.png in Resources */ = {isa = PBXBuildFile; fileRef = 8043355F189240DD00A927E5 /* blueTri.png */; };
		804335631892C1AC00A927E5 /* greenTri.png in Resources */ = {isa = PBXBuildFile; fileRef = 804335611892C1AC00A927E5 /* greenTri.png */; };
		804335641892C1AC00A927E5 /* orangeTri.png in Resources */ = {isa = PBXBuildFile; fileRef = 804335621892C1AC00A927E5 /* orangeTri.png */; };
		8066577B1891600500AD05C8 /* Foundation.framework in Frameworks */ = {isa = PBXBuildFile; fileRef = 8066577A1891600500AD05C8 /* Foundation.framework */; };
		8066577D1891600500AD05C8 /* CoreGraphics.framework in Frameworks */ = {isa = PBXBuildFile; fileRef = 8066577C1891600500AD05C8 /* CoreGraphics.framework */; };
		8066577F1891600500AD05C8 /* UIKit.framework in Frameworks */ = {isa = PBXBuildFile; fileRef = 8066577E1891600500AD05C8 /* UIKit.framework */; };
		806657851891600500AD05C8 /* InfoPlist.strings in Resources */ = {isa = PBXBuildFile; fileRef = 806657831891600500AD05C8 /* InfoPlist.strings */; };
		806657871891600500AD05C8 /* main.m in Sources */ = {isa = PBXBuildFile; fileRef = 806657861891600500AD05C8 /* main.m */; };
		8066578B1891600500AD05C8 /* AppDelegate.m in Sources */ = {isa = PBXBuildFile; fileRef = 8066578A1891600500AD05C8 /* AppDelegate.m */; };
		8066578E1891600500AD05C8 /* tasks.storyboard in Resources */ = {isa = PBXBuildFile; fileRef = 8066578C1891600500AD05C8 /* tasks.storyboard */; };
		806657911891600500AD05C8 /* TasksListController.m in Sources */ = {isa = PBXBuildFile; fileRef = 806657901891600500AD05C8 /* TasksListController.m */; };
		806657931891600500AD05C8 /* Images.xcassets in Resources */ = {isa = PBXBuildFile; fileRef = 806657921891600500AD05C8 /* Images.xcassets */; };
		8066579A1891600600AD05C8 /* XCTest.framework in Frameworks */ = {isa = PBXBuildFile; fileRef = 806657991891600600AD05C8 /* XCTest.framework */; };
		8066579B1891600600AD05C8 /* Foundation.framework in Frameworks */ = {isa = PBXBuildFile; fileRef = 8066577A1891600500AD05C8 /* Foundation.framework */; };
		8066579C1891600600AD05C8 /* UIKit.framework in Frameworks */ = {isa = PBXBuildFile; fileRef = 8066577E1891600500AD05C8 /* UIKit.framework */; };
		806657A41891600600AD05C8 /* InfoPlist.strings in Resources */ = {isa = PBXBuildFile; fileRef = 806657A21891600600AD05C8 /* InfoPlist.strings */; };
		806657A61891600600AD05C8 /* TasksTests.m in Sources */ = {isa = PBXBuildFile; fileRef = 806657A51891600600AD05C8 /* TasksTests.m */; };
		80BCAA9F189695E70008BAF4 /* Tasks.m in Sources */ = {isa = PBXBuildFile; fileRef = 80BCAA9E189695E70008BAF4 /* Tasks.m */; };
		80EE400C189167320087206F /* TasksListCell.m in Sources */ = {isa = PBXBuildFile; fileRef = 80EE400B189167320087206F /* TasksListCell.m */; };
/* End PBXBuildFile section */

/* Begin PBXContainerItemProxy section */
		8066579D1891600600AD05C8 /* PBXContainerItemProxy */ = {
			isa = PBXContainerItemProxy;
			containerPortal = 8066576F1891600500AD05C8 /* Project object */;
			proxyType = 1;
			remoteGlobalIDString = 806657761891600500AD05C8;
			remoteInfo = Tasks;
		};
/* End PBXContainerItemProxy section */

/* Begin PBXFileReference section */
		8043349118919F4E00A927E5 /* AcceptOutline@2x.png */ = {isa = PBXFileReference; lastKnownFileType = image.png; path = "AcceptOutline@2x.png"; sourceTree = "<group>"; };
		8043349218919F4E00A927E5 /* Account1@2x.png */ = {isa = PBXFileReference; lastKnownFileType = image.png; path = "Account1@2x.png"; sourceTree = "<group>"; };
		8043349318919F4E00A927E5 /* Account2@2x.png */ = {isa = PBXFileReference; lastKnownFileType = image.png; path = "Account2@2x.png"; sourceTree = "<group>"; };
		8043349418919F4E00A927E5 /* Account3@2x.png */ = {isa = PBXFileReference; lastKnownFileType = image.png; path = "Account3@2x.png"; sourceTree = "<group>"; };
		8043349518919F4E00A927E5 /* Account4@2x.png */ = {isa = PBXFileReference; lastKnownFileType = image.png; path = "Account4@2x.png"; sourceTree = "<group>"; };
		8043349618919F4E00A927E5 /* Account5@2x.png */ = {isa = PBXFileReference; lastKnownFileType = image.png; path = "Account5@2x.png"; sourceTree = "<group>"; };
		8043349718919F4E00A927E5 /* Account6@2x.png */ = {isa = PBXFileReference; lastKnownFileType = image.png; path = "Account6@2x.png"; sourceTree = "<group>"; };
		8043349818919F4E00A927E5 /* Account7@2x.png */ = {isa = PBXFileReference; lastKnownFileType = image.png; path = "Account7@2x.png"; sourceTree = "<group>"; };
		8043349918919F4E00A927E5 /* Account8@2x.png */ = {isa = PBXFileReference; lastKnownFileType = image.png; path = "Account8@2x.png"; sourceTree = "<group>"; };
		8043349A18919F4E00A927E5 /* Account9@2x.png */ = {isa = PBXFileReference; lastKnownFileType = image.png; path = "Account9@2x.png"; sourceTree = "<group>"; };
		8043349B18919F4E00A927E5 /* Account10@2x.png */ = {isa = PBXFileReference; lastKnownFileType = image.png; path = "Account10@2x.png"; sourceTree = "<group>"; };
		8043349C18919F4E00A927E5 /* AccountMenu2@2x.png */ = {isa = PBXFileReference; lastKnownFileType = image.png; path = "AccountMenu2@2x.png"; sourceTree = "<group>"; };
		8043349D18919F4E00A927E5 /* AccountMenu2Down@2x.png */ = {isa = PBXFileReference; lastKnownFileType = image.png; path = "AccountMenu2Down@2x.png"; sourceTree = "<group>"; };
		8043349E18919F4E00A927E5 /* AccountMenu3@2x.png */ = {isa = PBXFileReference; lastKnownFileType = image.png; path = "AccountMenu3@2x.png"; sourceTree = "<group>"; };
		8043349F18919F4E00A927E5 /* AccountMenu4@2x.png */ = {isa = PBXFileReference; lastKnownFileType = image.png; path = "AccountMenu4@2x.png"; sourceTree = "<group>"; };
		804334A018919F4E00A927E5 /* AccountMenu5@2x.png */ = {isa = PBXFileReference; lastKnownFileType = image.png; path = "AccountMenu5@2x.png"; sourceTree = "<group>"; };
		804334A118919F4E00A927E5 /* AccountMenu6@2x.png */ = {isa = PBXFileReference; lastKnownFileType = image.png; path = "AccountMenu6@2x.png"; sourceTree = "<group>"; };
		804334A218919F4E00A927E5 /* AccountMenu7@2x.png */ = {isa = PBXFileReference; lastKnownFileType = image.png; path = "AccountMenu7@2x.png"; sourceTree = "<group>"; };
		804334A318919F4E00A927E5 /* AccountMenu8@2x.png */ = {isa = PBXFileReference; lastKnownFileType = image.png; path = "AccountMenu8@2x.png"; sourceTree = "<group>"; };
		804334A418919F4E00A927E5 /* AccountMenu9@2x.png */ = {isa = PBXFileReference; lastKnownFileType = image.png; path = "AccountMenu9@2x.png"; sourceTree = "<group>"; };
		804334A518919F4E00A927E5 /* AccountMenu10@2x.png */ = {isa = PBXFileReference; lastKnownFileType = image.png; path = "AccountMenu10@2x.png"; sourceTree = "<group>"; };
		804334A618919F4E00A927E5 /* AccountMenuDefault@2x.png */ = {isa = PBXFileReference; lastKnownFileType = image.png; path = "AccountMenuDefault@2x.png"; sourceTree = "<group>"; };
		804334A718919F4E00A927E5 /* AccountMenuDefaultDown@2x.png */ = {isa = PBXFileReference; lastKnownFileType = image.png; path = "AccountMenuDefaultDown@2x.png"; sourceTree = "<group>"; };
		804334A818919F4E00A927E5 /* AccountTriangle2@2x.png */ = {isa = PBXFileReference; lastKnownFileType = image.png; path = "AccountTriangle2@2x.png"; sourceTree = "<group>"; };
		804334A918919F4E00A927E5 /* AccountTriangleDefault@2x.png */ = {isa = PBXFileReference; lastKnownFileType = image.png; path = "AccountTriangleDefault@2x.png"; sourceTree = "<group>"; };
		804334AA18919F4E00A927E5 /* AlarmClock@2x.png */ = {isa = PBXFileReference; lastKnownFileType = image.png; path = "AlarmClock@2x.png"; sourceTree = "<group>"; };
		804334AB18919F4E00A927E5 /* ArchiveBlue@2x.png */ = {isa = PBXFileReference; lastKnownFileType = image.png; path = "ArchiveBlue@2x.png"; sourceTree = "<group>"; };
		804334AC18919F4E00A927E5 /* ArchiveSwipe@2x.png */ = {isa = PBXFileReference; lastKnownFileType = image.png; path = "ArchiveSwipe@2x.png"; sourceTree = "<group>"; };
		804334AD18919F4E00A927E5 /* ArrowDown@2x.png */ = {isa = PBXFileReference; lastKnownFileType = image.png; path = "ArrowDown@2x.png"; sourceTree = "<group>"; };
		804334AE18919F4E00A927E5 /* ArrowRight@2x.png */ = {isa = PBXFileReference; lastKnownFileType = image.png; path = "ArrowRight@2x.png"; sourceTree = "<group>"; };
		804334AF18919F4E00A927E5 /* AtoZOff@2x.png */ = {isa = PBXFileReference; lastKnownFileType = image.png; path = "AtoZOff@2x.png"; sourceTree = "<group>"; };
		804334B018919F4E00A927E5 /* AtoZOn@2x.png */ = {isa = PBXFileReference; lastKnownFileType = image.png; path = "AtoZOn@2x.png"; sourceTree = "<group>"; };
		804334B118919F4E00A927E5 /* Attachment@2x.png */ = {isa = PBXFileReference; lastKnownFileType = image.png; path = "Attachment@2x.png"; sourceTree = "<group>"; };
		804334B218919F4E00A927E5 /* BackBlue@2x.png */ = {isa = PBXFileReference; lastKnownFileType = image.png; path = "BackBlue@2x.png"; sourceTree = "<group>"; };
		804334B318919F4E00A927E5 /* CalendarGrey@2x.png */ = {isa = PBXFileReference; lastKnownFileType = image.png; path = "CalendarGrey@2x.png"; sourceTree = "<group>"; };
		804334B418919F4E00A927E5 /* CalendarRed@2x.png */ = {isa = PBXFileReference; lastKnownFileType = image.png; path = "CalendarRed@2x.png"; sourceTree = "<group>"; };
		804334B518919F4E00A927E5 /* CalGoingButton@2x.png */ = {isa = PBXFileReference; lastKnownFileType = image.png; path = "CalGoingButton@2x.png"; sourceTree = "<group>"; };
		804334B618919F4E00A927E5 /* CalGoingID@2x.png */ = {isa = PBXFileReference; lastKnownFileType = image.png; path = "CalGoingID@2x.png"; sourceTree = "<group>"; };
		804334B718919F4E00A927E5 /* CalMaybe@2x.png */ = {isa = PBXFileReference; lastKnownFileType = image.png; path = "CalMaybe@2x.png"; sourceTree = "<group>"; };
		804334B818919F4E00A927E5 /* CalNotGoingButton@2x.png */ = {isa = PBXFileReference; lastKnownFileType = image.png; path = "CalNotGoingButton@2x.png"; sourceTree = "<group>"; };
		804334B918919F4E00A927E5 /* CalNotGoingId@2x.png */ = {isa = PBXFileReference; lastKnownFileType = image.png; path = "CalNotGoingId@2x.png"; sourceTree = "<group>"; };
		804334BA18919F4E00A927E5 /* CancelFooter@2x.png */ = {isa = PBXFileReference; lastKnownFileType = image.png; path = "CancelFooter@2x.png"; sourceTree = "<group>"; };
		804334BB18919F4E00A927E5 /* CheckGrey@2x.png */ = {isa = PBXFileReference; lastKnownFileType = image.png; path = "CheckGrey@2x.png"; sourceTree = "<group>"; };
		804334BC18919F4E00A927E5 /* CheckRed@2x.png */ = {isa = PBXFileReference; lastKnownFileType = image.png; path = "CheckRed@2x.png"; sourceTree = "<group>"; };
		804334BD18919F4E00A927E5 /* CircleGrey@2x.png */ = {isa = PBXFileReference; lastKnownFileType = image.png; path = "CircleGrey@2x.png"; sourceTree = "<group>"; };
		804334BE18919F4E00A927E5 /* CircleHighlighted@2x.png */ = {isa = PBXFileReference; lastKnownFileType = image.png; path = "CircleHighlighted@2x.png"; sourceTree = "<group>"; };
		804334BF18919F4E00A927E5 /* CreateAlarm@2x.png */ = {isa = PBXFileReference; lastKnownFileType = image.png; path = "CreateAlarm@2x.png"; sourceTree = "<group>"; };
		804334C018919F4E00A927E5 /* CreateAlarmOn@2x.png */ = {isa = PBXFileReference; lastKnownFileType = image.png; path = "CreateAlarmOn@2x.png"; sourceTree = "<group>"; };
		804334C118919F4E00A927E5 /* CreatedOff@2x.png */ = {isa = PBXFileReference; lastKnownFileType = image.png; path = "CreatedOff@2x.png"; sourceTree = "<group>"; };
		804334C218919F4E00A927E5 /* CreatedOn@2x.png */ = {isa = PBXFileReference; lastKnownFileType = image.png; path = "CreatedOn@2x.png"; sourceTree = "<group>"; };
		804334C318919F4E00A927E5 /* CreateRepeat@2x.png */ = {isa = PBXFileReference; lastKnownFileType = image.png; path = "CreateRepeat@2x.png"; sourceTree = "<group>"; };
		804334C418919F4E00A927E5 /* CreateRepeatOn@2x.png */ = {isa = PBXFileReference; lastKnownFileType = image.png; path = "CreateRepeatOn@2x.png"; sourceTree = "<group>"; };
		804334C518919F4E00A927E5 /* DeclineOutline@2x.png */ = {isa = PBXFileReference; lastKnownFileType = image.png; path = "DeclineOutline@2x.png"; sourceTree = "<group>"; };
		804334C618919F4E00A927E5 /* FeedbackLeftDrawer@2x.png */ = {isa = PBXFileReference; lastKnownFileType = image.png; path = "FeedbackLeftDrawer@2x.png"; sourceTree = "<group>"; };
		804334C718919F4E00A927E5 /* Forward@2x.png */ = {isa = PBXFileReference; lastKnownFileType = image.png; path = "Forward@2x.png"; sourceTree = "<group>"; };
		804334C818919F4E00A927E5 /* FutureArrow@2x.png */ = {isa = PBXFileReference; lastKnownFileType = image.png; path = "FutureArrow@2x.png"; sourceTree = "<group>"; };
		804334C918919F4E00A927E5 /* Hamburger@2x.png */ = {isa = PBXFileReference; lastKnownFileType = image.png; path = "Hamburger@2x.png"; sourceTree = "<group>"; };
		804334CA18919F4E00A927E5 /* HelpLeftDrawer@2x.png */ = {isa = PBXFileReference; lastKnownFileType = image.png; path = "HelpLeftDrawer@2x.png"; sourceTree = "<group>"; };
		804334CB18919F4E00A927E5 /* LabelBlue@2x.png */ = {isa = PBXFileReference; lastKnownFileType = image.png; path = "LabelBlue@2x.png"; sourceTree = "<group>"; };
		804334CC18919F4E00A927E5 /* LabelHome@2x.png */ = {isa = PBXFileReference; lastKnownFileType = image.png; path = "LabelHome@2x.png"; sourceTree = "<group>"; };
		804334CD18919F4E00A927E5 /* LinkBlue@2x.png */ = {isa = PBXFileReference; lastKnownFileType = image.png; path = "LinkBlue@2x.png"; sourceTree = "<group>"; };
		804334CE18919F4E00A927E5 /* LinkHome@2x.png */ = {isa = PBXFileReference; lastKnownFileType = image.png; path = "LinkHome@2x.png"; sourceTree = "<group>"; };
		804334CF18919F4E00A927E5 /* ListOrder@2x.png */ = {isa = PBXFileReference; lastKnownFileType = image.png; path = "ListOrder@2x.png"; sourceTree = "<group>"; };
		804334D018919F4E00A927E5 /* MailGrey@2x.png */ = {isa = PBXFileReference; lastKnownFileType = image.png; path = "MailGrey@2x.png"; sourceTree = "<group>"; };
		804334D118919F4E00A927E5 /* MailRed@2x.png */ = {isa = PBXFileReference; lastKnownFileType = image.png; path = "MailRed@2x.png"; sourceTree = "<group>"; };
		804334D218919F4E00A927E5 /* MenuFooterHelp@2x.png */ = {isa = PBXFileReference; lastKnownFileType = image.png; path = "MenuFooterHelp@2x.png"; sourceTree = "<group>"; };
		804334D318919F4E00A927E5 /* MenuFooterPro@2x.png */ = {isa = PBXFileReference; lastKnownFileType = image.png; path = "MenuFooterPro@2x.png"; sourceTree = "<group>"; };
		804334D418919F4E00A927E5 /* MenuFooterShare@2x.png */ = {isa = PBXFileReference; lastKnownFileType = image.png; path = "MenuFooterShare@2x.png"; sourceTree = "<group>"; };
		804334D518919F4E00A927E5 /* MenuRecentlyArchived@2x.png */ = {isa = PBXFileReference; lastKnownFileType = image.png; path = "MenuRecentlyArchived@2x.png"; sourceTree = "<group>"; };
		804334D618919F4E00A927E5 /* MenuRemoveAccount@2x.png */ = {isa = PBXFileReference; lastKnownFileType = image.png; path = "MenuRemoveAccount@2x.png"; sourceTree = "<group>"; };
		804334D718919F4E00A927E5 /* MenuSent@2x.png */ = {isa = PBXFileReference; lastKnownFileType = image.png; path = "MenuSent@2x.png"; sourceTree = "<group>"; };
		804334D818919F4E00A927E5 /* MenuSignature@2x.png */ = {isa = PBXFileReference; lastKnownFileType = image.png; path = "MenuSignature@2x.png"; sourceTree = "<group>"; };
		804334D918919F4E00A927E5 /* MoreBlue@2x.png */ = {isa = PBXFileReference; lastKnownFileType = image.png; path = "MoreBlue@2x.png"; sourceTree = "<group>"; };
		804334DA18919F4E00A927E5 /* NewMail@2x.png */ = {isa = PBXFileReference; lastKnownFileType = image.png; path = "NewMail@2x.png"; sourceTree = "<group>"; };
		804334DB18919F4E00A927E5 /* PencilGrey@2x.png */ = {isa = PBXFileReference; lastKnownFileType = image.png; path = "PencilGrey@2x.png"; sourceTree = "<group>"; };
		804334DC18919F4E00A927E5 /* PencilRed@2x.png */ = {isa = PBXFileReference; lastKnownFileType = image.png; path = "PencilRed@2x.png"; sourceTree = "<group>"; };
		804334DD18919F4E00A927E5 /* PlusFooterCalendar@2x.png */ = {isa = PBXFileReference; lastKnownFileType = image.png; path = "PlusFooterCalendar@2x.png"; sourceTree = "<group>"; };
		804334DE18919F4E00A927E5 /* PlusFooterMail@2x.png */ = {isa = PBXFileReference; lastKnownFileType = image.png; path = "PlusFooterMail@2x.png"; sourceTree = "<group>"; };
		804334DF18919F4E00A927E5 /* PlusFooterNote@2x.png */ = {isa = PBXFileReference; lastKnownFileType = image.png; path = "PlusFooterNote@2x.png"; sourceTree = "<group>"; };
		804334E018919F4E00A927E5 /* PlusFooterTask@2x.png */ = {isa = PBXFileReference; lastKnownFileType = image.png; path = "PlusFooterTask@2x.png"; sourceTree = "<group>"; };
		804334E118919F4E00A927E5 /* PlusHomeCal@2x.png */ = {isa = PBXFileReference; lastKnownFileType = image.png; path = "PlusHomeCal@2x.png"; sourceTree = "<group>"; };
		804334E218919F4E00A927E5 /* PlusHomeEmail@2x.png */ = {isa = PBXFileReference; lastKnownFileType = image.png; path = "PlusHomeEmail@2x.png"; sourceTree = "<group>"; };
		804334E318919F4E00A927E5 /* PlusHomeNotes@2x.png */ = {isa = PBXFileReference; lastKnownFileType = image.png; path = "PlusHomeNotes@2x.png"; sourceTree = "<group>"; };
		804334E418919F4E00A927E5 /* PlusHomeTasks@2x.png */ = {isa = PBXFileReference; lastKnownFileType = image.png; path = "PlusHomeTasks@2x.png"; sourceTree = "<group>"; };
		804334E518919F4E00A927E5 /* ProLeftDrawer@2x.png */ = {isa = PBXFileReference; lastKnownFileType = image.png; path = "ProLeftDrawer@2x.png"; sourceTree = "<group>"; };
		804334E618919F4E00A927E5 /* RecentlyArchived@2x.png */ = {isa = PBXFileReference; lastKnownFileType = image.png; path = "RecentlyArchived@2x.png"; sourceTree = "<group>"; };
		804334E718919F4E00A927E5 /* RemoveAccount@2x.png */ = {isa = PBXFileReference; lastKnownFileType = image.png; path = "RemoveAccount@2x.png"; sourceTree = "<group>"; };
		804334E818919F4E00A927E5 /* RemoveFromThread@2x.png */ = {isa = PBXFileReference; lastKnownFileType = image.png; path = "RemoveFromThread@2x.png"; sourceTree = "<group>"; };
		804334E918919F4E00A927E5 /* Reply@2x.png */ = {isa = PBXFileReference; lastKnownFileType = image.png; path = "Reply@2x.png"; sourceTree = "<group>"; };
		804334EA18919F4E00A927E5 /* ReplyAll@2x.png */ = {isa = PBXFileReference; lastKnownFileType = image.png; path = "ReplyAll@2x.png"; sourceTree = "<group>"; };
		804334EB18919F4E00A927E5 /* Sent@2x.png */ = {isa = PBXFileReference; lastKnownFileType = image.png; path = "Sent@2x.png"; sourceTree = "<group>"; };
		804334EC18919F4E00A927E5 /* ShareLeftDrawer@2x.png */ = {isa = PBXFileReference; lastKnownFileType = image.png; path = "ShareLeftDrawer@2x.png"; sourceTree = "<group>"; };
		804334ED18919F4E00A927E5 /* Signature@2x.png */ = {isa = PBXFileReference; lastKnownFileType = image.png; path = "Signature@2x.png"; sourceTree = "<group>"; };
		804334EE18919F4E00A927E5 /* Spam@2x.png */ = {isa = PBXFileReference; lastKnownFileType = image.png; path = "Spam@2x.png"; sourceTree = "<group>"; };
		804334EF18919F4E00A927E5 /* Starred@2x.png */ = {isa = PBXFileReference; lastKnownFileType = image.png; path = "Starred@2x.png"; sourceTree = "<group>"; };
		804334F018919F4E00A927E5 /* TaskSwipe@2x.png */ = {isa = PBXFileReference; lastKnownFileType = image.png; path = "TaskSwipe@2x.png"; sourceTree = "<group>"; };
		804334F118919F4E00A927E5 /* Trash@2x.png */ = {isa = PBXFileReference; lastKnownFileType = image.png; path = "Trash@2x.png"; sourceTree = "<group>"; };
		804334F218919F4E00A927E5 /* Uniti@2x.png */ = {isa = PBXFileReference; lastKnownFileType = image.png; path = "Uniti@2x.png"; sourceTree = "<group>"; };
		804334F318919F4E00A927E5 /* UnitiBlue@2x.png */ = {isa = PBXFileReference; lastKnownFileType = image.png; path = "UnitiBlue@2x.png"; sourceTree = "<group>"; };
		804334F418919F4E00A927E5 /* UnitiWhite@2x.png */ = {isa = PBXFileReference; lastKnownFileType = image.png; path = "UnitiWhite@2x.png"; sourceTree = "<group>"; };
		804334F518919F4E00A927E5 /* ViewedOff@2x.png */ = {isa = PBXFileReference; lastKnownFileType = image.png; path = "ViewedOff@2x.png"; sourceTree = "<group>"; };
		804334F618919F4E00A927E5 /* ViewedOn@2x.png */ = {isa = PBXFileReference; lastKnownFileType = image.png; path = "ViewedOn@2x.png"; sourceTree = "<group>"; };
		8043355D189234F700A927E5 /* redTri.png */ = {isa = PBXFileReference; lastKnownFileType = image.png; path = redTri.png; sourceTree = "<group>"; };
		8043355F189240DD00A927E5 /* blueTri.png */ = {isa = PBXFileReference; lastKnownFileType = image.png; path = blueTri.png; sourceTree = "<group>"; };
		804335611892C1AC00A927E5 /* greenTri.png */ = {isa = PBXFileReference; lastKnownFileType = image.png; path = greenTri.png; sourceTree = "<group>"; };
		804335621892C1AC00A927E5 /* orangeTri.png */ = {isa = PBXFileReference; lastKnownFileType = image.png; path = orangeTri.png; sourceTree = "<group>"; };
		806657771891600500AD05C8 /* Tasks.app */ = {isa = PBXFileReference; explicitFileType = wrapper.application; includeInIndex = 0; path = Tasks.app; sourceTree = BUILT_PRODUCTS_DIR; };
		8066577A1891600500AD05C8 /* Foundation.framework */ = {isa = PBXFileReference; lastKnownFileType = wrapper.framework; name = Foundation.framework; path = System/Library/Frameworks/Foundation.framework; sourceTree = SDKROOT; };
		8066577C1891600500AD05C8 /* CoreGraphics.framework */ = {isa = PBXFileReference; lastKnownFileType = wrapper.framework; name = CoreGraphics.framework; path = System/Library/Frameworks/CoreGraphics.framework; sourceTree = SDKROOT; };
		8066577E1891600500AD05C8 /* UIKit.framework */ = {isa = PBXFileReference; lastKnownFileType = wrapper.framework; name = UIKit.framework; path = System/Library/Frameworks/UIKit.framework; sourceTree = SDKROOT; };
		806657821891600500AD05C8 /* Tasks-Info.plist */ = {isa = PBXFileReference; lastKnownFileType = text.plist.xml; path = "Tasks-Info.plist"; sourceTree = "<group>"; };
		806657841891600500AD05C8 /* en */ = {isa = PBXFileReference; lastKnownFileType = text.plist.strings; name = en; path = en.lproj/InfoPlist.strings; sourceTree = "<group>"; };
		806657861891600500AD05C8 /* main.m */ = {isa = PBXFileReference; lastKnownFileType = sourcecode.c.objc; path = main.m; sourceTree = "<group>"; };
		806657881891600500AD05C8 /* Tasks-Prefix.pch */ = {isa = PBXFileReference; lastKnownFileType = sourcecode.c.h; path = "Tasks-Prefix.pch"; sourceTree = "<group>"; };
		806657891891600500AD05C8 /* AppDelegate.h */ = {isa = PBXFileReference; lastKnownFileType = sourcecode.c.h; path = AppDelegate.h; sourceTree = "<group>"; };
		8066578A1891600500AD05C8 /* AppDelegate.m */ = {isa = PBXFileReference; lastKnownFileType = sourcecode.c.objc; path = AppDelegate.m; sourceTree = "<group>"; };
		8066578D1891600500AD05C8 /* Base */ = {isa = PBXFileReference; lastKnownFileType = file.storyboard; name = Base; path = Base.lproj/tasks.storyboard; sourceTree = "<group>"; };
		8066578F1891600500AD05C8 /* TasksListController.h */ = {isa = PBXFileReference; lastKnownFileType = sourcecode.c.h; path = TasksListController.h; sourceTree = "<group>"; };
		806657901891600500AD05C8 /* TasksListController.m */ = {isa = PBXFileReference; lastKnownFileType = sourcecode.c.objc; path = TasksListController.m; sourceTree = "<group>"; };
		806657921891600500AD05C8 /* Images.xcassets */ = {isa = PBXFileReference; lastKnownFileType = folder.assetcatalog; path = Images.xcassets; sourceTree = "<group>"; };
		806657981891600600AD05C8 /* TasksTests.xctest */ = {isa = PBXFileReference; explicitFileType = wrapper.cfbundle; includeInIndex = 0; path = TasksTests.xctest; sourceTree = BUILT_PRODUCTS_DIR; };
		806657991891600600AD05C8 /* XCTest.framework */ = {isa = PBXFileReference; lastKnownFileType = wrapper.framework; name = XCTest.framework; path = Library/Frameworks/XCTest.framework; sourceTree = DEVELOPER_DIR; };
		806657A11891600600AD05C8 /* TasksTests-Info.plist */ = {isa = PBXFileReference; lastKnownFileType = text.plist.xml; path = "TasksTests-Info.plist"; sourceTree = "<group>"; };
		806657A31891600600AD05C8 /* en */ = {isa = PBXFileReference; lastKnownFileType = text.plist.strings; name = en; path = en.lproj/InfoPlist.strings; sourceTree = "<group>"; };
		806657A51891600600AD05C8 /* TasksTests.m */ = {isa = PBXFileReference; lastKnownFileType = sourcecode.c.objc; path = TasksTests.m; sourceTree = "<group>"; };
		80BCAA9D189695E70008BAF4 /* Tasks.h */ = {isa = PBXFileReference; fileEncoding = 4; lastKnownFileType = sourcecode.c.h; path = Tasks.h; sourceTree = "<group>"; };
		80BCAA9E189695E70008BAF4 /* Tasks.m */ = {isa = PBXFileReference; fileEncoding = 4; lastKnownFileType = sourcecode.c.objc; path = Tasks.m; sourceTree = "<group>"; };
		80EE400A189167320087206F /* TasksListCell.h */ = {isa = PBXFileReference; fileEncoding = 4; lastKnownFileType = sourcecode.c.h; path = TasksListCell.h; sourceTree = "<group>"; };
		80EE400B189167320087206F /* TasksListCell.m */ = {isa = PBXFileReference; fileEncoding = 4; lastKnownFileType = sourcecode.c.objc; path = TasksListCell.m; sourceTree = "<group>"; };
/* End PBXFileReference section */

/* Begin PBXFrameworksBuildPhase section */
		806657741891600500AD05C8 /* Frameworks */ = {
			isa = PBXFrameworksBuildPhase;
			buildActionMask = 2147483647;
			files = (
				8066577D1891600500AD05C8 /* CoreGraphics.framework in Frameworks */,
				8066577F1891600500AD05C8 /* UIKit.framework in Frameworks */,
				8066577B1891600500AD05C8 /* Foundation.framework in Frameworks */,
			);
			runOnlyForDeploymentPostprocessing = 0;
		};
		806657951891600600AD05C8 /* Frameworks */ = {
			isa = PBXFrameworksBuildPhase;
			buildActionMask = 2147483647;
			files = (
				8066579A1891600600AD05C8 /* XCTest.framework in Frameworks */,
				8066579C1891600600AD05C8 /* UIKit.framework in Frameworks */,
				8066579B1891600600AD05C8 /* Foundation.framework in Frameworks */,
			);
			runOnlyForDeploymentPostprocessing = 0;
		};
/* End PBXFrameworksBuildPhase section */

/* Begin PBXGroup section */
		8043349018919A4E00A927E5 /* iPad */ = {
			isa = PBXGroup;
			children = (
			);
			name = iPad;
			sourceTree = "<group>";
		};
		8066576E1891600500AD05C8 = {
			isa = PBXGroup;
			children = (
				806657801891600500AD05C8 /* Tasks */,
				8066579F1891600600AD05C8 /* TasksTests */,
				806657791891600500AD05C8 /* Frameworks */,
				806657781891600500AD05C8 /* Products */,
			);
			sourceTree = "<group>";
		};
		806657781891600500AD05C8 /* Products */ = {
			isa = PBXGroup;
			children = (
				806657771891600500AD05C8 /* Tasks.app */,
				806657981891600600AD05C8 /* TasksTests.xctest */,
			);
			name = Products;
			sourceTree = "<group>";
		};
		806657791891600500AD05C8 /* Frameworks */ = {
			isa = PBXGroup;
			children = (
				8066577A1891600500AD05C8 /* Foundation.framework */,
				8066577C1891600500AD05C8 /* CoreGraphics.framework */,
				8066577E1891600500AD05C8 /* UIKit.framework */,
				806657991891600600AD05C8 /* XCTest.framework */,
			);
			name = Frameworks;
			sourceTree = "<group>";
		};
		806657801891600500AD05C8 /* Tasks */ = {
			isa = PBXGroup;
			children = (
				8043349018919A4E00A927E5 /* iPad */,
				806657891891600500AD05C8 /* AppDelegate.h */,
				8066578A1891600500AD05C8 /* AppDelegate.m */,
				8066578C1891600500AD05C8 /* tasks.storyboard */,
				806657921891600500AD05C8 /* Images.xcassets */,
				8066578F1891600500AD05C8 /* TasksListController.h */,
				806657901891600500AD05C8 /* TasksListController.m */,
				80EE400A189167320087206F /* TasksListCell.h */,
				80EE400B189167320087206F /* TasksListCell.m */,
				806657811891600500AD05C8 /* Supporting Files */,
			);
			path = Tasks;
			sourceTree = "<group>";
		};
		806657811891600500AD05C8 /* Supporting Files */ = {
			isa = PBXGroup;
			children = (
				806657AF1891636800AD05C8 /* Icons */,
				806657821891600500AD05C8 /* Tasks-Info.plist */,
				806657831891600500AD05C8 /* InfoPlist.strings */,
				806657861891600500AD05C8 /* main.m */,
				806657881891600500AD05C8 /* Tasks-Prefix.pch */,
				80BCAA9D189695E70008BAF4 /* Tasks.h */,
				80BCAA9E189695E70008BAF4 /* Tasks.m */,
			);
			name = "Supporting Files";
			sourceTree = "<group>";
		};
		8066579F1891600600AD05C8 /* TasksTests */ = {
			isa = PBXGroup;
			children = (
				806657A51891600600AD05C8 /* TasksTests.m */,
				806657A01891600600AD05C8 /* Supporting Files */,
			);
			path = TasksTests;
			sourceTree = "<group>";
		};
		806657A01891600600AD05C8 /* Supporting Files */ = {
			isa = PBXGroup;
			children = (
				806657A11891600600AD05C8 /* TasksTests-Info.plist */,
				806657A21891600600AD05C8 /* InfoPlist.strings */,
			);
			name = "Supporting Files";
			sourceTree = "<group>";
		};
		806657AF1891636800AD05C8 /* Icons */ = {
			isa = PBXGroup;
			children = (
				804335611892C1AC00A927E5 /* greenTri.png */,
				804335621892C1AC00A927E5 /* orangeTri.png */,
				8043349118919F4E00A927E5 /* AcceptOutline@2x.png */,
				8043349218919F4E00A927E5 /* Account1@2x.png */,
				8043349318919F4E00A927E5 /* Account2@2x.png */,
				8043349418919F4E00A927E5 /* Account3@2x.png */,
				8043349518919F4E00A927E5 /* Account4@2x.png */,
				8043349618919F4E00A927E5 /* Account5@2x.png */,
				8043349718919F4E00A927E5 /* Account6@2x.png */,
				8043349818919F4E00A927E5 /* Account7@2x.png */,
				8043349918919F4E00A927E5 /* Account8@2x.png */,
				8043349A18919F4E00A927E5 /* Account9@2x.png */,
				8043349B18919F4E00A927E5 /* Account10@2x.png */,
				8043349C18919F4E00A927E5 /* AccountMenu2@2x.png */,
				8043349D18919F4E00A927E5 /* AccountMenu2Down@2x.png */,
				8043349E18919F4E00A927E5 /* AccountMenu3@2x.png */,
				8043349F18919F4E00A927E5 /* AccountMenu4@2x.png */,
				804334A018919F4E00A927E5 /* AccountMenu5@2x.png */,
				804334A118919F4E00A927E5 /* AccountMenu6@2x.png */,
				804334A218919F4E00A927E5 /* AccountMenu7@2x.png */,
				804334A318919F4E00A927E5 /* AccountMenu8@2x.png */,
				804334A418919F4E00A927E5 /* AccountMenu9@2x.png */,
				804334A518919F4E00A927E5 /* AccountMenu10@2x.png */,
				804334A618919F4E00A927E5 /* AccountMenuDefault@2x.png */,
				804334A718919F4E00A927E5 /* AccountMenuDefaultDown@2x.png */,
				804334A818919F4E00A927E5 /* AccountTriangle2@2x.png */,
				804334A918919F4E00A927E5 /* AccountTriangleDefault@2x.png */,
				804334AA18919F4E00A927E5 /* AlarmClock@2x.png */,
				804334AB18919F4E00A927E5 /* ArchiveBlue@2x.png */,
				804334AC18919F4E00A927E5 /* ArchiveSwipe@2x.png */,
				804334AD18919F4E00A927E5 /* ArrowDown@2x.png */,
				804334AE18919F4E00A927E5 /* ArrowRight@2x.png */,
				804334AF18919F4E00A927E5 /* AtoZOff@2x.png */,
				804334B018919F4E00A927E5 /* AtoZOn@2x.png */,
				804334B118919F4E00A927E5 /* Attachment@2x.png */,
				804334B218919F4E00A927E5 /* BackBlue@2x.png */,
				8043355F189240DD00A927E5 /* blueTri.png */,
				804334B318919F4E00A927E5 /* CalendarGrey@2x.png */,
				804334B418919F4E00A927E5 /* CalendarRed@2x.png */,
				804334B518919F4E00A927E5 /* CalGoingButton@2x.png */,
				804334B618919F4E00A927E5 /* CalGoingID@2x.png */,
				804334B718919F4E00A927E5 /* CalMaybe@2x.png */,
				804334B818919F4E00A927E5 /* CalNotGoingButton@2x.png */,
				804334B918919F4E00A927E5 /* CalNotGoingId@2x.png */,
				804334BA18919F4E00A927E5 /* CancelFooter@2x.png */,
				804334BB18919F4E00A927E5 /* CheckGrey@2x.png */,
				804334BC18919F4E00A927E5 /* CheckRed@2x.png */,
				804334BD18919F4E00A927E5 /* CircleGrey@2x.png */,
				804334BE18919F4E00A927E5 /* CircleHighlighted@2x.png */,
				804334BF18919F4E00A927E5 /* CreateAlarm@2x.png */,
				804334C018919F4E00A927E5 /* CreateAlarmOn@2x.png */,
				804334C118919F4E00A927E5 /* CreatedOff@2x.png */,
				804334C218919F4E00A927E5 /* CreatedOn@2x.png */,
				804334C318919F4E00A927E5 /* CreateRepeat@2x.png */,
				804334C418919F4E00A927E5 /* CreateRepeatOn@2x.png */,
				804334C518919F4E00A927E5 /* DeclineOutline@2x.png */,
				804334C618919F4E00A927E5 /* FeedbackLeftDrawer@2x.png */,
				804334C718919F4E00A927E5 /* Forward@2x.png */,
				804334C818919F4E00A927E5 /* FutureArrow@2x.png */,
				804334C918919F4E00A927E5 /* Hamburger@2x.png */,
				804334CA18919F4E00A927E5 /* HelpLeftDrawer@2x.png */,
				804334CB18919F4E00A927E5 /* LabelBlue@2x.png */,
				804334CC18919F4E00A927E5 /* LabelHome@2x.png */,
				804334CD18919F4E00A927E5 /* LinkBlue@2x.png */,
				804334CE18919F4E00A927E5 /* LinkHome@2x.png */,
				804334CF18919F4E00A927E5 /* ListOrder@2x.png */,
				804334D018919F4E00A927E5 /* MailGrey@2x.png */,
				804334D118919F4E00A927E5 /* MailRed@2x.png */,
				804334D218919F4E00A927E5 /* MenuFooterHelp@2x.png */,
				804334D318919F4E00A927E5 /* MenuFooterPro@2x.png */,
				804334D418919F4E00A927E5 /* MenuFooterShare@2x.png */,
				804334D518919F4E00A927E5 /* MenuRecentlyArchived@2x.png */,
				804334D618919F4E00A927E5 /* MenuRemoveAccount@2x.png */,
				804334D718919F4E00A927E5 /* MenuSent@2x.png */,
				804334D818919F4E00A927E5 /* MenuSignature@2x.png */,
				804334D918919F4E00A927E5 /* MoreBlue@2x.png */,
				804334DA18919F4E00A927E5 /* NewMail@2x.png */,
				804334DB18919F4E00A927E5 /* PencilGrey@2x.png */,
				804334DC18919F4E00A927E5 /* PencilRed@2x.png */,
				804334DD18919F4E00A927E5 /* PlusFooterCalendar@2x.png */,
				804334DE18919F4E00A927E5 /* PlusFooterMail@2x.png */,
				804334DF18919F4E00A927E5 /* PlusFooterNote@2x.png */,
				804334E018919F4E00A927E5 /* PlusFooterTask@2x.png */,
				804334E118919F4E00A927E5 /* PlusHomeCal@2x.png */,
				804334E218919F4E00A927E5 /* PlusHomeEmail@2x.png */,
				804334E318919F4E00A927E5 /* PlusHomeNotes@2x.png */,
				804334E418919F4E00A927E5 /* PlusHomeTasks@2x.png */,
				804334E518919F4E00A927E5 /* ProLeftDrawer@2x.png */,
				804334E618919F4E00A927E5 /* RecentlyArchived@2x.png */,
				8043355D189234F700A927E5 /* redTri.png */,
				804334E718919F4E00A927E5 /* RemoveAccount@2x.png */,
				804334E818919F4E00A927E5 /* RemoveFromThread@2x.png */,
				804334E918919F4E00A927E5 /* Reply@2x.png */,
				804334EA18919F4E00A927E5 /* ReplyAll@2x.png */,
				804334EB18919F4E00A927E5 /* Sent@2x.png */,
				804334EC18919F4E00A927E5 /* ShareLeftDrawer@2x.png */,
				804334ED18919F4E00A927E5 /* Signature@2x.png */,
				804334EE18919F4E00A927E5 /* Spam@2x.png */,
				804334EF18919F4E00A927E5 /* Starred@2x.png */,
				804334F018919F4E00A927E5 /* TaskSwipe@2x.png */,
				804334F118919F4E00A927E5 /* Trash@2x.png */,
				804334F218919F4E00A927E5 /* Uniti@2x.png */,
				804334F318919F4E00A927E5 /* UnitiBlue@2x.png */,
				804334F418919F4E00A927E5 /* UnitiWhite@2x.png */,
				804334F518919F4E00A927E5 /* ViewedOff@2x.png */,
				804334F618919F4E00A927E5 /* ViewedOn@2x.png */,
			);
			name = Icons;
			sourceTree = "<group>";
		};
/* End PBXGroup section */

/* Begin PBXNativeTarget section */
		806657761891600500AD05C8 /* Tasks */ = {
			isa = PBXNativeTarget;
			buildConfigurationList = 806657A91891600600AD05C8 /* Build configuration list for PBXNativeTarget "Tasks" */;
			buildPhases = (
				806657731891600500AD05C8 /* Sources */,
				806657741891600500AD05C8 /* Frameworks */,
				806657751891600500AD05C8 /* Resources */,
			);
			buildRules = (
			);
			dependencies = (
			);
			name = Tasks;
			productName = Tasks;
			productReference = 806657771891600500AD05C8 /* Tasks.app */;
			productType = "com.apple.product-type.application";
		};
		806657971891600600AD05C8 /* TasksTests */ = {
			isa = PBXNativeTarget;
			buildConfigurationList = 806657AC1891600600AD05C8 /* Build configuration list for PBXNativeTarget "TasksTests" */;
			buildPhases = (
				806657941891600600AD05C8 /* Sources */,
				806657951891600600AD05C8 /* Frameworks */,
				806657961891600600AD05C8 /* Resources */,
			);
			buildRules = (
			);
			dependencies = (
				8066579E1891600600AD05C8 /* PBXTargetDependency */,
			);
			name = TasksTests;
			productName = TasksTests;
			productReference = 806657981891600600AD05C8 /* TasksTests.xctest */;
			productType = "com.apple.product-type.bundle.unit-test";
		};
/* End PBXNativeTarget section */

/* Begin PBXProject section */
		8066576F1891600500AD05C8 /* Project object */ = {
			isa = PBXProject;
			attributes = {
				LastUpgradeCheck = 0500;
				ORGANIZATIONNAME = "Nathan Fennel";
				TargetAttributes = {
					806657761891600500AD05C8 = {
						DevelopmentTeam = 94E25AA8V5;
					};
					806657971891600600AD05C8 = {
						TestTargetID = 806657761891600500AD05C8;
					};
				};
			};
			buildConfigurationList = 806657721891600500AD05C8 /* Build configuration list for PBXProject "Tasks" */;
			compatibilityVersion = "Xcode 3.2";
			developmentRegion = English;
			hasScannedForEncodings = 0;
			knownRegions = (
				en,
				Base,
			);
			mainGroup = 8066576E1891600500AD05C8;
			productRefGroup = 806657781891600500AD05C8 /* Products */;
			projectDirPath = "";
			projectRoot = "";
			targets = (
				806657761891600500AD05C8 /* Tasks */,
				806657971891600600AD05C8 /* TasksTests */,
			);
		};
/* End PBXProject section */

/* Begin PBXResourcesBuildPhase section */
		806657751891600500AD05C8 /* Resources */ = {
			isa = PBXResourcesBuildPhase;
			buildActionMask = 2147483647;
			files = (
				8043354C18919F4E00A927E5 /* RecentlyArchived@2x.png in Resources */,
				8043353C18919F4E00A927E5 /* MenuRemoveAccount@2x.png in Resources */,
				8043352D18919F4E00A927E5 /* Forward@2x.png in Resources */,
				8043350718919F4E00A927E5 /* AccountMenu6@2x.png in Resources */,
				8043354318919F4E00A927E5 /* PlusFooterCalendar@2x.png in Resources */,
				8043353D18919F4E00A927E5 /* MenuSent@2x.png in Resources */,
				8043353318919F4E00A927E5 /* LinkBlue@2x.png in Resources */,
				8043350318919F4E00A927E5 /* AccountMenu2Down@2x.png in Resources */,
				8043354518919F4E00A927E5 /* PlusFooterNote@2x.png in Resources */,
				8043351B18919F4E00A927E5 /* CalGoingButton@2x.png in Resources */,
				8043352A18919F4E00A927E5 /* CreateRepeatOn@2x.png in Resources */,
				804334F818919F4E00A927E5 /* Account1@2x.png in Resources */,
				8043350018919F4E00A927E5 /* Account9@2x.png in Resources */,
				8043355018919F4E00A927E5 /* ReplyAll@2x.png in Resources */,
				8043354218919F4E00A927E5 /* PencilRed@2x.png in Resources */,
				8043355718919F4E00A927E5 /* Trash@2x.png in Resources */,
				806657931891600500AD05C8 /* Images.xcassets in Resources */,
				8043352618919F4E00A927E5 /* CreateAlarmOn@2x.png in Resources */,
				8043354018919F4E00A927E5 /* NewMail@2x.png in Resources */,
				8043351118919F4E00A927E5 /* ArchiveBlue@2x.png in Resources */,
				8043352318919F4E00A927E5 /* CircleGrey@2x.png in Resources */,
				8043352918919F4E00A927E5 /* CreateRepeat@2x.png in Resources */,
				8043353718919F4E00A927E5 /* MailRed@2x.png in Resources */,
				8043355218919F4E00A927E5 /* ShareLeftDrawer@2x.png in Resources */,
				8043352818919F4E00A927E5 /* CreatedOn@2x.png in Resources */,
				804334FA18919F4E00A927E5 /* Account3@2x.png in Resources */,
				8043351618919F4E00A927E5 /* AtoZOn@2x.png in Resources */,
				804334F718919F4E00A927E5 /* AcceptOutline@2x.png in Resources */,
				806657851891600500AD05C8 /* InfoPlist.strings in Resources */,
				804334FF18919F4E00A927E5 /* Account8@2x.png in Resources */,
				8043355C18919F4E00A927E5 /* ViewedOn@2x.png in Resources */,
				8043354418919F4E00A927E5 /* PlusFooterMail@2x.png in Resources */,
				8043351518919F4E00A927E5 /* AtoZOff@2x.png in Resources */,
				8043355318919F4E00A927E5 /* Signature@2x.png in Resources */,
				8043350418919F4E00A927E5 /* AccountMenu3@2x.png in Resources */,
				8043350618919F4E00A927E5 /* AccountMenu5@2x.png in Resources */,
				804334FD18919F4E00A927E5 /* Account6@2x.png in Resources */,
				8043353818919F4E00A927E5 /* MenuFooterHelp@2x.png in Resources */,
				8043351E18919F4E00A927E5 /* CalNotGoingButton@2x.png in Resources */,
				8043354618919F4E00A927E5 /* PlusFooterTask@2x.png in Resources */,
				8043352B18919F4E00A927E5 /* DeclineOutline@2x.png in Resources */,
				804335641892C1AC00A927E5 /* orangeTri.png in Resources */,
				80433560189240DD00A927E5 /* blueTri.png in Resources */,
				8043353E18919F4E00A927E5 /* MenuSignature@2x.png in Resources */,
				8043355118919F4E00A927E5 /* Sent@2x.png in Resources */,
				8043351718919F4E00A927E5 /* Attachment@2x.png in Resources */,
				804334FE18919F4E00A927E5 /* Account7@2x.png in Resources */,
				8043355818919F4E00A927E5 /* Uniti@2x.png in Resources */,
				8043353418919F4E00A927E5 /* LinkHome@2x.png in Resources */,
				8043354D18919F4E00A927E5 /* RemoveAccount@2x.png in Resources */,
				8043355618919F4E00A927E5 /* TaskSwipe@2x.png in Resources */,
				8043355418919F4E00A927E5 /* Spam@2x.png in Resources */,
				804335631892C1AC00A927E5 /* greenTri.png in Resources */,
				8043354F18919F4E00A927E5 /* Reply@2x.png in Resources */,
				8043352F18919F4E00A927E5 /* Hamburger@2x.png in Resources */,
				8043350D18919F4E00A927E5 /* AccountMenuDefaultDown@2x.png in Resources */,
				8043350E18919F4E00A927E5 /* AccountTriangle2@2x.png in Resources */,
				8043351C18919F4E00A927E5 /* CalGoingID@2x.png in Resources */,
				8043352C18919F4E00A927E5 /* FeedbackLeftDrawer@2x.png in Resources */,
				8043351318919F4E00A927E5 /* ArrowDown@2x.png in Resources */,
				8043354918919F4E00A927E5 /* PlusHomeNotes@2x.png in Resources */,
				8043354118919F4E00A927E5 /* PencilGrey@2x.png in Resources */,
				8043352518919F4E00A927E5 /* CreateAlarm@2x.png in Resources */,
				8043353A18919F4E00A927E5 /* MenuFooterShare@2x.png in Resources */,
				8043353118919F4E00A927E5 /* LabelBlue@2x.png in Resources */,
				8043353918919F4E00A927E5 /* MenuFooterPro@2x.png in Resources */,
				8043355918919F4E00A927E5 /* UnitiBlue@2x.png in Resources */,
				804334FC18919F4E00A927E5 /* Account5@2x.png in Resources */,
				8043353B18919F4E00A927E5 /* MenuRecentlyArchived@2x.png in Resources */,
				8043350918919F4E00A927E5 /* AccountMenu8@2x.png in Resources */,
				8043350C18919F4E00A927E5 /* AccountMenuDefault@2x.png in Resources */,
				8043352E18919F4E00A927E5 /* FutureArrow@2x.png in Resources */,
				8043355B18919F4E00A927E5 /* ViewedOff@2x.png in Resources */,
				8043350F18919F4E00A927E5 /* AccountTriangleDefault@2x.png in Resources */,
				8043354718919F4E00A927E5 /* PlusHomeCal@2x.png in Resources */,
				8043354B18919F4E00A927E5 /* ProLeftDrawer@2x.png in Resources */,
				8043351218919F4E00A927E5 /* ArchiveSwipe@2x.png in Resources */,
				8043352218919F4E00A927E5 /* CheckRed@2x.png in Resources */,
				8043350218919F4E00A927E5 /* AccountMenu2@2x.png in Resources */,
				8043352418919F4E00A927E5 /* CircleHighlighted@2x.png in Resources */,
				8043351A18919F4E00A927E5 /* CalendarRed@2x.png in Resources */,
				8043351418919F4E00A927E5 /* ArrowRight@2x.png in Resources */,
				8043351818919F4E00A927E5 /* BackBlue@2x.png in Resources */,
				8043355518919F4E00A927E5 /* Starred@2x.png in Resources */,
				8043353618919F4E00A927E5 /* MailGrey@2x.png in Resources */,
				8043353018919F4E00A927E5 /* HelpLeftDrawer@2x.png in Resources */,
				8043350818919F4E00A927E5 /* AccountMenu7@2x.png in Resources */,
				8043352018919F4E00A927E5 /* CancelFooter@2x.png in Resources */,
				8043355A18919F4E00A927E5 /* UnitiWhite@2x.png in Resources */,
				804334FB18919F4E00A927E5 /* Account4@2x.png in Resources */,
				8043354E18919F4E00A927E5 /* RemoveFromThread@2x.png in Resources */,
				8043351018919F4E00A927E5 /* AlarmClock@2x.png in Resources */,
				8043351F18919F4E00A927E5 /* CalNotGoingId@2x.png in Resources */,
				8043350A18919F4E00A927E5 /* AccountMenu9@2x.png in Resources */,
				8043350518919F4E00A927E5 /* AccountMenu4@2x.png in Resources */,
				8043351918919F4E00A927E5 /* CalendarGrey@2x.png in Resources */,
				8043352718919F4E00A927E5 /* CreatedOff@2x.png in Resources */,
				8043353F18919F4E00A927E5 /* MoreBlue@2x.png in Resources */,
				8043350B18919F4E00A927E5 /* AccountMenu10@2x.png in Resources */,
				8043350118919F4E00A927E5 /* Account10@2x.png in Resources */,
				8043355E189234F700A927E5 /* redTri.png in Resources */,
				8043354A18919F4E00A927E5 /* PlusHomeTasks@2x.png in Resources */,
				8043352118919F4E00A927E5 /* CheckGrey@2x.png in Resources */,
				8043353218919F4E00A927E5 /* LabelHome@2x.png in Resources */,
				8066578E1891600500AD05C8 /* tasks.storyboard in Resources */,
				8043351D18919F4E00A927E5 /* CalMaybe@2x.png in Resources */,
				804334F918919F4E00A927E5 /* Account2@2x.png in Resources */,
				8043354818919F4E00A927E5 /* PlusHomeEmail@2x.png in Resources */,
				8043353518919F4E00A927E5 /* ListOrder@2x.png in Resources */,
			);
			runOnlyForDeploymentPostprocessing = 0;
		};
		806657961891600600AD05C8 /* Resources */ = {
			isa = PBXResourcesBuildPhase;
			buildActionMask = 2147483647;
			files = (
				806657A41891600600AD05C8 /* InfoPlist.strings in Resources */,
			);
			runOnlyForDeploymentPostprocessing = 0;
		};
/* End PBXResourcesBuildPhase section */

/* Begin PBXSourcesBuildPhase section */
		806657731891600500AD05C8 /* Sources */ = {
			isa = PBXSourcesBuildPhase;
			buildActionMask = 2147483647;
			files = (
				806657911891600500AD05C8 /* TasksListController.m in Sources */,
				8066578B1891600500AD05C8 /* AppDelegate.m in Sources */,
				80EE400C189167320087206F /* TasksListCell.m in Sources */,
				80BCAA9F189695E70008BAF4 /* Tasks.m in Sources */,
				806657871891600500AD05C8 /* main.m in Sources */,
			);
			runOnlyForDeploymentPostprocessing = 0;
		};
		806657941891600600AD05C8 /* Sources */ = {
			isa = PBXSourcesBuildPhase;
			buildActionMask = 2147483647;
			files = (
				806657A61891600600AD05C8 /* TasksTests.m in Sources */,
			);
			runOnlyForDeploymentPostprocessing = 0;
		};
/* End PBXSourcesBuildPhase section */

/* Begin PBXTargetDependency section */
		8066579E1891600600AD05C8 /* PBXTargetDependency */ = {
			isa = PBXTargetDependency;
			target = 806657761891600500AD05C8 /* Tasks */;
			targetProxy = 8066579D1891600600AD05C8 /* PBXContainerItemProxy */;
		};
/* End PBXTargetDependency section */

/* Begin PBXVariantGroup section */
		806657831891600500AD05C8 /* InfoPlist.strings */ = {
			isa = PBXVariantGroup;
			children = (
				806657841891600500AD05C8 /* en */,
			);
			name = InfoPlist.strings;
			sourceTree = "<group>";
		};
		8066578C1891600500AD05C8 /* tasks.storyboard */ = {
			isa = PBXVariantGroup;
			children = (
				8066578D1891600500AD05C8 /* Base */,
			);
			name = tasks.storyboard;
			sourceTree = "<group>";
		};
		806657A21891600600AD05C8 /* InfoPlist.strings */ = {
			isa = PBXVariantGroup;
			children = (
				806657A31891600600AD05C8 /* en */,
			);
			name = InfoPlist.strings;
			sourceTree = "<group>";
		};
/* End PBXVariantGroup section */

/* Begin XCBuildConfiguration section */
		806657A71891600600AD05C8 /* Debug */ = {
			isa = XCBuildConfiguration;
			buildSettings = {
				ALWAYS_SEARCH_USER_PATHS = NO;
				ARCHS = "$(ARCHS_STANDARD_INCLUDING_64_BIT)";
				CLANG_CXX_LANGUAGE_STANDARD = "gnu++0x";
				CLANG_CXX_LIBRARY = "libc++";
				CLANG_ENABLE_MODULES = YES;
				CLANG_ENABLE_OBJC_ARC = YES;
				CLANG_WARN_BOOL_CONVERSION = YES;
				CLANG_WARN_CONSTANT_CONVERSION = YES;
				CLANG_WARN_DIRECT_OBJC_ISA_USAGE = YES_ERROR;
				CLANG_WARN_EMPTY_BODY = YES;
				CLANG_WARN_ENUM_CONVERSION = YES;
				CLANG_WARN_INT_CONVERSION = YES;
				CLANG_WARN_OBJC_ROOT_CLASS = YES_ERROR;
				CLANG_WARN__DUPLICATE_METHOD_MATCH = YES;
				"CODE_SIGN_IDENTITY[sdk=iphoneos*]" = "iPhone Developer";
				COPY_PHASE_STRIP = NO;
				GCC_C_LANGUAGE_STANDARD = gnu99;
				GCC_DYNAMIC_NO_PIC = NO;
				GCC_OPTIMIZATION_LEVEL = 0;
				GCC_PREPROCESSOR_DEFINITIONS = (
					"DEBUG=1",
					"$(inherited)",
				);
				GCC_SYMBOLS_PRIVATE_EXTERN = NO;
				GCC_WARN_64_TO_32_BIT_CONVERSION = YES;
				GCC_WARN_ABOUT_RETURN_TYPE = YES_ERROR;
				GCC_WARN_UNDECLARED_SELECTOR = YES;
				GCC_WARN_UNINITIALIZED_AUTOS = YES;
				GCC_WARN_UNUSED_FUNCTION = YES;
				GCC_WARN_UNUSED_VARIABLE = YES;
				IPHONEOS_DEPLOYMENT_TARGET = 7.0;
				ONLY_ACTIVE_ARCH = YES;
				SDKROOT = iphoneos;
			};
			name = Debug;
		};
		806657A81891600600AD05C8 /* Release */ = {
			isa = XCBuildConfiguration;
			buildSettings = {
				ALWAYS_SEARCH_USER_PATHS = NO;
				ARCHS = "$(ARCHS_STANDARD_INCLUDING_64_BIT)";
				CLANG_CXX_LANGUAGE_STANDARD = "gnu++0x";
				CLANG_CXX_LIBRARY = "libc++";
				CLANG_ENABLE_MODULES = YES;
				CLANG_ENABLE_OBJC_ARC = YES;
				CLANG_WARN_BOOL_CONVERSION = YES;
				CLANG_WARN_CONSTANT_CONVERSION = YES;
				CLANG_WARN_DIRECT_OBJC_ISA_USAGE = YES_ERROR;
				CLANG_WARN_EMPTY_BODY = YES;
				CLANG_WARN_ENUM_CONVERSION = YES;
				CLANG_WARN_INT_CONVERSION = YES;
				CLANG_WARN_OBJC_ROOT_CLASS = YES_ERROR;
				CLANG_WARN__DUPLICATE_METHOD_MATCH = YES;
				"CODE_SIGN_IDENTITY[sdk=iphoneos*]" = "iPhone Developer";
				COPY_PHASE_STRIP = YES;
				ENABLE_NS_ASSERTIONS = NO;
				GCC_C_LANGUAGE_STANDARD = gnu99;
				GCC_WARN_64_TO_32_BIT_CONVERSION = YES;
				GCC_WARN_ABOUT_RETURN_TYPE = YES_ERROR;
				GCC_WARN_UNDECLARED_SELECTOR = YES;
				GCC_WARN_UNINITIALIZED_AUTOS = YES;
				GCC_WARN_UNUSED_FUNCTION = YES;
				GCC_WARN_UNUSED_VARIABLE = YES;
				IPHONEOS_DEPLOYMENT_TARGET = 7.0;
				SDKROOT = iphoneos;
				VALIDATE_PRODUCT = YES;
			};
			name = Release;
		};
		806657AA1891600600AD05C8 /* Debug */ = {
			isa = XCBuildConfiguration;
			buildSettings = {
				ASSETCATALOG_COMPILER_APPICON_NAME = AppIcon;
				ASSETCATALOG_COMPILER_LAUNCHIMAGE_NAME = LaunchImage;
				CODE_SIGN_IDENTITY = "iPhone Developer";
				"CODE_SIGN_IDENTITY[sdk=iphoneos*]" = "iPhone Developer";
				GCC_PRECOMPILE_PREFIX_HEADER = YES;
				GCC_PREFIX_HEADER = "Tasks/Tasks-Prefix.pch";
				INFOPLIST_FILE = "Tasks/Tasks-Info.plist";
				IPHONEOS_DEPLOYMENT_TARGET = 7.0;
				PRODUCT_NAME = "$(TARGET_NAME)";
				PROVISIONING_PROFILE = "";
				TARGETED_DEVICE_FAMILY = "1,2";
				WRAPPER_EXTENSION = app;
			};
			name = Debug;
		};
		806657AB1891600600AD05C8 /* Release */ = {
			isa = XCBuildConfiguration;
			buildSettings = {
				ASSETCATALOG_COMPILER_APPICON_NAME = AppIcon;
				ASSETCATALOG_COMPILER_LAUNCHIMAGE_NAME = LaunchImage;
				CODE_SIGN_IDENTITY = "iPhone Developer";
				"CODE_SIGN_IDENTITY[sdk=iphoneos*]" = "iPhone Developer";
				GCC_PRECOMPILE_PREFIX_HEADER = YES;
				GCC_PREFIX_HEADER = "Tasks/Tasks-Prefix.pch";
				INFOPLIST_FILE = "Tasks/Tasks-Info.plist";
				IPHONEOS_DEPLOYMENT_TARGET = 7.0;
				PRODUCT_NAME = "$(TARGET_NAME)";
				PROVISIONING_PROFILE = "";
				TARGETED_DEVICE_FAMILY = "1,2";
				WRAPPER_EXTENSION = app;
			};
			name = Release;
		};
		806657AD1891600600AD05C8 /* Debug */ = {
			isa = XCBuildConfiguration;
			buildSettings = {
				ARCHS = "$(ARCHS_STANDARD_INCLUDING_64_BIT)";
				BUNDLE_LOADER = "$(BUILT_PRODUCTS_DIR)/Tasks.app/Tasks";
				FRAMEWORK_SEARCH_PATHS = (
					"$(SDKROOT)/Developer/Library/Frameworks",
					"$(inherited)",
					"$(DEVELOPER_FRAMEWORKS_DIR)",
				);
				GCC_PRECOMPILE_PREFIX_HEADER = YES;
				GCC_PREFIX_HEADER = "Tasks/Tasks-Prefix.pch";
				GCC_PREPROCESSOR_DEFINITIONS = (
					"DEBUG=1",
					"$(inherited)",
				);
				INFOPLIST_FILE = "TasksTests/TasksTests-Info.plist";
				PRODUCT_NAME = "$(TARGET_NAME)";
				TEST_HOST = "$(BUNDLE_LOADER)";
				WRAPPER_EXTENSION = xctest;
			};
			name = Debug;
		};
		806657AE1891600600AD05C8 /* Release */ = {
			isa = XCBuildConfiguration;
			buildSettings = {
				ARCHS = "$(ARCHS_STANDARD_INCLUDING_64_BIT)";
				BUNDLE_LOADER = "$(BUILT_PRODUCTS_DIR)/Tasks.app/Tasks";
				FRAMEWORK_SEARCH_PATHS = (
					"$(SDKROOT)/Developer/Library/Frameworks",
					"$(inherited)",
					"$(DEVELOPER_FRAMEWORKS_DIR)",
				);
				GCC_PRECOMPILE_PREFIX_HEADER = YES;
				GCC_PREFIX_HEADER = "Tasks/Tasks-Prefix.pch";
				INFOPLIST_FILE = "TasksTests/TasksTests-Info.plist";
				PRODUCT_NAME = "$(TARGET_NAME)";
				TEST_HOST = "$(BUNDLE_LOADER)";
				WRAPPER_EXTENSION = xctest;
			};
			name = Release;
		};
/* End XCBuildConfiguration section */

/* Begin XCConfigurationList section */
		806657721891600500AD05C8 /* Build configuration list for PBXProject "Tasks" */ = {
			isa = XCConfigurationList;
			buildConfigurations = (
				806657A71891600600AD05C8 /* Debug */,
				806657A81891600600AD05C8 /* Release */,
			);
			defaultConfigurationIsVisible = 0;
			defaultConfigurationName = Release;
		};
		806657A91891600600AD05C8 /* Build configuration list for PBXNativeTarget "Tasks" */ = {
			isa = XCConfigurationList;
			buildConfigurations = (
				806657AA1891600600AD05C8 /* Debug */,
				806657AB1891600600AD05C8 /* Release */,
			);
			defaultConfigurationIsVisible = 0;
			defaultConfigurationName = Release;
		};
		806657AC1891600600AD05C8 /* Build configuration list for PBXNativeTarget "TasksTests" */ = {
			isa = XCConfigurationList;
			buildConfigurations = (
				806657AD1891600600AD05C8 /* Debug */,
				806657AE1891600600AD05C8 /* Release */,
			);
			defaultConfigurationIsVisible = 0;
			defaultConfigurationName = Release;
		};
/* End XCConfigurationList section */
	};
	rootObject = 8066576F1891600500AD05C8 /* Project object */;
}
